{
  "name": "test-keegoid-frame-print",
  "version": "1.0.1",
  "lockfileVersion": 1,
  "requires": true,
  "dependencies": {
    "keegoid-frame-print": {
      "version": "1.0.2",
      "resolved": "https://registry.npmjs.org/keegoid-frame-print/-/keegoid-frame-print-1.0.2.tgz",
      "integrity": "sha512-lW+5qR7IjErsTmRnOKiTIq0p+BZJ8Wv7eFnhyPtmcN5JdRUaaM8TI01xrhd42+y6jLfdsAIo70sBiYbNSpVsoQ=="
    }
  }
}
